
Microsoft Visual Studio Solution File, Format Version 12.00
# Visual Studio Version 16
VisualStudioVersion = 16.0.30907.101
MinimumVisualStudioVersion = 10.0.40219.1
Project("{2150E333-8FDC-42A3-9474-1A3956D46DE8}") = "Zadatak 1", "Zadatak 1", "{5F08EDDF-60CD-4BCB-A821-6526172605B8}"
EndProject
Project("{FAE04EC0-301F-11D3-BF4B-00C04F79EFBC}") = "Testovi", "Testovi\Testovi.csproj", "{732BECB2-92CA-47EE-8D9A-3DBA54B58944}"
EndProject
Project("{2150E333-8FDC-42A3-9474-1A3956D46DE8}") = "Zadatak 2", "Zadatak 2", "{9B29D30F-1CB4-449B-8CD6-4EF33BE05705}"
EndProject
Project("{2150E333-8FDC-42A3-9474-1A3956D46DE8}") = "Zadatak 3", "Zadatak 3", "{20A16C9A-FCDB-442A-9538-7ACA5BC2D933}"
EndProject
Project("{FAE04EC0-301F-11D3-BF4B-00C04F79EFBC}") = "Zadatak3", "Zadatak3\Zadatak3.csproj", "{A8A8B0A4-77AE-4905-AC01-DBED63B1D488}"
EndProject
Project("{2150E333-8FDC-42A3-9474-1A3956D46DE8}") = "Zadatak 4", "Zadatak 4", "{ADE44F98-EF97-462F-93B0-C120CDC71037}"
EndProject
Project("{FAE04EC0-301F-11D3-BF4B-00C04F79EFBC}") = "Zadatak4", "Zadatak4\Zadatak4.csproj", "{E2980C7D-D8ED-435B-85A4-57605A1853D8}"
EndProject
Project("{FAE04EC0-301F-11D3-BF4B-00C04F79EFBC}") = "Zadatak2", "Zadatak2\Zadatak2.csproj", "{E3731B47-39BB-4F78-ABF2-624E0A602EF2}"
EndProject
Project("{FAE04EC0-301F-11D3-BF4B-00C04F79EFBC}") = "Zadatak1", "Zadatak1\Zadatak1.csproj", "{36C60942-4218-460B-920D-C4D31C021DF3}"
EndProject
Project("{2150E333-8FDC-42A3-9474-1A3956D46DE8}") = "Zadatak 5", "Zadatak 5", "{893AA47B-9421-47A3-8B39-E4757929FEDC}"
EndProject
Project("{FAE04EC0-301F-11D3-BF4B-00C04F79EFBC}") = "Zadatak5", "Zadatak5\Zadatak5.csproj", "{BB040975-D0C7-461A-B972-3A6A40350E18}"
EndProject
Project("{2150E333-8FDC-42A3-9474-1A3956D46DE8}") = "Zadatak 6", "Zadatak 6", "{B9B62724-19E1-4071-9CEF-CD8494EDDAB5}"
EndProject
Project("{FAE04EC0-301F-11D3-BF4B-00C04F79EFBC}") = "Zadatak6", "Zadatak6\Zadatak6.csproj", "{B9D91826-6661-406D-9BF0-C0F2BC02F08A}"
EndProject
Global
	GlobalSection(SolutionConfigurationPlatforms) = preSolution
		Debug|Any CPU = Debug|Any CPU
		Release|Any CPU = Release|Any CPU
	EndGlobalSection
	GlobalSection(ProjectConfigurationPlatforms) = postSolution
		{732BECB2-92CA-47EE-8D9A-3DBA54B58944}.Debug|Any CPU.ActiveCfg = Debug|Any CPU
		{732BECB2-92CA-47EE-8D9A-3DBA54B58944}.Debug|Any CPU.Build.0 = Debug|Any CPU
		{732BECB2-92CA-47EE-8D9A-3DBA54B58944}.Release|Any CPU.ActiveCfg = Release|Any CPU
		{732BECB2-92CA-47EE-8D9A-3DBA54B58944}.Release|Any CPU.Build.0 = Release|Any CPU
		{A8A8B0A4-77AE-4905-AC01-DBED63B1D488}.Debug|Any CPU.ActiveCfg = Debug|Any CPU
		{A8A8B0A4-77AE-4905-AC01-DBED63B1D488}.Debug|Any CPU.Build.0 = Debug|Any CPU
		{A8A8B0A4-77AE-4905-AC01-DBED63B1D488}.Release|Any CPU.ActiveCfg = Release|Any CPU
		{A8A8B0A4-77AE-4905-AC01-DBED63B1D488}.Release|Any CPU.Build.0 = Release|Any CPU
		{E2980C7D-D8ED-435B-85A4-57605A1853D8}.Debug|Any CPU.ActiveCfg = Debug|Any CPU
		{E2980C7D-D8ED-435B-85A4-57605A1853D8}.Debug|Any CPU.Build.0 = Debug|Any CPU
		{E2980C7D-D8ED-435B-85A4-57605A1853D8}.Release|Any CPU.ActiveCfg = Release|Any CPU
		{E2980C7D-D8ED-435B-85A4-57605A1853D8}.Release|Any CPU.Build.0 = Release|Any CPU
		{E3731B47-39BB-4F78-ABF2-624E0A602EF2}.Debug|Any CPU.ActiveCfg = Debug|Any CPU
		{E3731B47-39BB-4F78-ABF2-624E0A602EF2}.Debug|Any CPU.Build.0 = Debug|Any CPU
		{E3731B47-39BB-4F78-ABF2-624E0A602EF2}.Release|Any CPU.ActiveCfg = Release|Any CPU
		{E3731B47-39BB-4F78-ABF2-624E0A602EF2}.Release|Any CPU.Build.0 = Release|Any CPU
		{36C60942-4218-460B-920D-C4D31C021DF3}.Debug|Any CPU.ActiveCfg = Debug|Any CPU
		{36C60942-4218-460B-920D-C4D31C021DF3}.Debug|Any CPU.Build.0 = Debug|Any CPU
		{36C60942-4218-460B-920D-C4D31C021DF3}.Release|Any CPU.ActiveCfg = Release|Any CPU
		{36C60942-4218-460B-920D-C4D31C021DF3}.Release|Any CPU.Build.0 = Release|Any CPU
		{BB040975-D0C7-461A-B972-3A6A40350E18}.Debug|Any CPU.ActiveCfg = Debug|Any CPU
		{BB040975-D0C7-461A-B972-3A6A40350E18}.Debug|Any CPU.Build.0 = Debug|Any CPU
		{BB040975-D0C7-461A-B972-3A6A40350E18}.Release|Any CPU.ActiveCfg = Release|Any CPU
		{BB040975-D0C7-461A-B972-3A6A40350E18}.Release|Any CPU.Build.0 = Release|Any CPU
		{B9D91826-6661-406D-9BF0-C0F2BC02F08A}.Debug|Any CPU.ActiveCfg = Debug|Any CPU
		{B9D91826-6661-406D-9BF0-C0F2BC02F08A}.Debug|Any CPU.Build.0 = Debug|Any CPU
		{B9D91826-6661-406D-9BF0-C0F2BC02F08A}.Release|Any CPU.ActiveCfg = Release|Any CPU
		{B9D91826-6661-406D-9BF0-C0F2BC02F08A}.Release|Any CPU.Build.0 = Release|Any CPU
	EndGlobalSection
	GlobalSection(SolutionProperties) = preSolution
		HideSolutionNode = FALSE
	EndGlobalSection
	GlobalSection(NestedProjects) = preSolution
		{A8A8B0A4-77AE-4905-AC01-DBED63B1D488} = {20A16C9A-FCDB-442A-9538-7ACA5BC2D933}
		{E2980C7D-D8ED-435B-85A4-57605A1853D8} = {ADE44F98-EF97-462F-93B0-C120CDC71037}
		{E3731B47-39BB-4F78-ABF2-624E0A602EF2} = {9B29D30F-1CB4-449B-8CD6-4EF33BE05705}
		{36C60942-4218-460B-920D-C4D31C021DF3} = {5F08EDDF-60CD-4BCB-A821-6526172605B8}
		{BB040975-D0C7-461A-B972-3A6A40350E18} = {893AA47B-9421-47A3-8B39-E4757929FEDC}
		{B9D91826-6661-406D-9BF0-C0F2BC02F08A} = {B9B62724-19E1-4071-9CEF-CD8494EDDAB5}
	EndGlobalSection
	GlobalSection(ExtensibilityGlobals) = postSolution
		SolutionGuid = {35C98F80-7307-457B-83C0-A6FBD99DD25E}
	EndGlobalSection
EndGlobal
